
Microsoft Visual Studio Solution File, Format Version 12.00
# Visual Studio 15
VisualStudioVersion = 15.0.28307.852
MinimumVisualStudioVersion = 10.0.40219.1
Project("{8BC9CEB8-8B4A-11D0-8D11-00A0C91BC942}") = "ProtectionProxy", "ProtectionProxy\ProtectionProxy.vcxproj", "{49B6FF72-2064-419A-B2F0-78D890DA3744}"
EndProject
Project("{FAE04EC0-301F-11D3-BF4B-00C04F79EFBC}") = "VirtualProxy (System B)", "VirtualProxy\VirtualProxy (System B).csproj", "{CA7289A1-BD5E-4518-8905-3BBD29989B32}"
EndProject
Project("{FAE04EC0-301F-11D3-BF4B-00C04F79EFBC}") = "VirtualProxy (System A)", "VirtualProxy (System A)\VirtualProxy (System A).csproj", "{789815EA-D12A-48BF-B9F0-C2BDFCB03279}"
EndProject
Global
	GlobalSection(SolutionConfigurationPlatforms) = preSolution
		Debug|Any CPU = Debug|Any CPU
		Debug|x64 = Debug|x64
		Debug|x86 = Debug|x86
		Release|Any CPU = Release|Any CPU
		Release|x64 = Release|x64
		Release|x86 = Release|x86
	EndGlobalSection
	GlobalSection(ProjectConfigurationPlatforms) = postSolution
		{49B6FF72-2064-419A-B2F0-78D890DA3744}.Debug|Any CPU.ActiveCfg = Debug|Win32
		{49B6FF72-2064-419A-B2F0-78D890DA3744}.Debug|x64.ActiveCfg = Debug|x64
		{49B6FF72-2064-419A-B2F0-78D890DA3744}.Debug|x64.Build.0 = Debug|x64
		{49B6FF72-2064-419A-B2F0-78D890DA3744}.Debug|x86.ActiveCfg = Debug|Win32
		{49B6FF72-2064-419A-B2F0-78D890DA3744}.Debug|x86.Build.0 = Debug|Win32
		{49B6FF72-2064-419A-B2F0-78D890DA3744}.Release|Any CPU.ActiveCfg = Release|Win32
		{49B6FF72-2064-419A-B2F0-78D890DA3744}.Release|x64.ActiveCfg = Release|x64
		{49B6FF72-2064-419A-B2F0-78D890DA3744}.Release|x64.Build.0 = Release|x64
		{49B6FF72-2064-419A-B2F0-78D890DA3744}.Release|x86.ActiveCfg = Release|Win32
		{49B6FF72-2064-419A-B2F0-78D890DA3744}.Release|x86.Build.0 = Release|Win32
		{CA7289A1-BD5E-4518-8905-3BBD29989B32}.Debug|Any CPU.ActiveCfg = Debug|Any CPU
		{CA7289A1-BD5E-4518-8905-3BBD29989B32}.Debug|Any CPU.Build.0 = Debug|Any CPU
		{CA7289A1-BD5E-4518-8905-3BBD29989B32}.Debug|x64.ActiveCfg = Debug|Any CPU
		{CA7289A1-BD5E-4518-8905-3BBD29989B32}.Debug|x64.Build.0 = Debug|Any CPU
		{CA7289A1-BD5E-4518-8905-3BBD29989B32}.Debug|x86.ActiveCfg = Debug|Any CPU
		{CA7289A1-BD5E-4518-8905-3BBD29989B32}.Debug|x86.Build.0 = Debug|Any CPU
		{CA7289A1-BD5E-4518-8905-3BBD29989B32}.Release|Any CPU.ActiveCfg = Release|Any CPU
		{CA7289A1-BD5E-4518-8905-3BBD29989B32}.Release|Any CPU.Build.0 = Release|Any CPU
		{CA7289A1-BD5E-4518-8905-3BBD29989B32}.Release|x64.ActiveCfg = Release|Any CPU
		{CA7289A1-BD5E-4518-8905-3BBD29989B32}.Release|x64.Build.0 = Release|Any CPU
		{CA7289A1-BD5E-4518-8905-3BBD29989B32}.Release|x86.ActiveCfg = Release|Any CPU
		{CA7289A1-BD5E-4518-8905-3BBD29989B32}.Release|x86.Build.0 = Release|Any CPU
		{789815EA-D12A-48BF-B9F0-C2BDFCB03279}.Debug|Any CPU.ActiveCfg = Debug|Any CPU
		{789815EA-D12A-48BF-B9F0-C2BDFCB03279}.Debug|Any CPU.Build.0 = Debug|Any CPU
		{789815EA-D12A-48BF-B9F0-C2BDFCB03279}.Debug|x64.ActiveCfg = Debug|Any CPU
		{789815EA-D12A-48BF-B9F0-C2BDFCB03279}.Debug|x64.Build.0 = Debug|Any CPU
		{789815EA-D12A-48BF-B9F0-C2BDFCB03279}.Debug|x86.ActiveCfg = Debug|Any CPU
		{789815EA-D12A-48BF-B9F0-C2BDFCB03279}.Debug|x86.Build.0 = Debug|Any CPU
		{789815EA-D12A-48BF-B9F0-C2BDFCB03279}.Release|Any CPU.ActiveCfg = Release|Any CPU
		{789815EA-D12A-48BF-B9F0-C2BDFCB03279}.Release|Any CPU.Build.0 = Release|Any CPU
		{789815EA-D12A-48BF-B9F0-C2BDFCB03279}.Release|x64.ActiveCfg = Release|Any CPU
		{789815EA-D12A-48BF-B9F0-C2BDFCB03279}.Release|x64.Build.0 = Release|Any CPU
		{789815EA-D12A-48BF-B9F0-C2BDFCB03279}.Release|x86.ActiveCfg = Release|Any CPU
		{789815EA-D12A-48BF-B9F0-C2BDFCB03279}.Release|x86.Build.0 = Release|Any CPU
	EndGlobalSection
	GlobalSection(SolutionProperties) = preSolution
		HideSolutionNode = FALSE
	EndGlobalSection
	GlobalSection(ExtensibilityGlobals) = postSolution
		SolutionGuid = {C647C3A7-29AB-45D7-ADCF-4E3AD276DC6D}
	EndGlobalSection
EndGlobal
